
Microsoft Visual Studio Solution File, Format Version 12.00
# Visual Studio Version 17
VisualStudioVersion = 17.0.31903.59
MinimumVisualStudioVersion = 10.0.40219.1
Project("{FAE04EC0-301F-11D3-BF4B-00C04F79EFBC}") = "CustomerSystem.UI", "CustomerSystem.UI\CustomerSystem.UI.csproj", "{0780E108-3766-4C18-BD4C-74096272D8E9}"
EndProject
Project("{FAE04EC0-301F-11D3-BF4B-00C04F79EFBC}") = "CustomerSystem.Backend", "CustomerSystem.Backend\CustomerSystem.Backend.csproj", "{CA8A0BC9-F416-4EF7-B172-47373E30407B}"
EndProject
Project("{FAE04EC0-301F-11D3-BF4B-00C04F79EFBC}") = "CustomerSystem.Build", "CustomerSystem.Build\CustomerSystem.Build.csproj", "{76242CB5-CBF5-410D-A7A9-2F0C246C78C3}"
EndProject
Global
	GlobalSection(SolutionConfigurationPlatforms) = preSolution
		Debug|Any CPU = Debug|Any CPU
		Release|Any CPU = Release|Any CPU
	EndGlobalSection
	GlobalSection(ProjectConfigurationPlatforms) = postSolution
		{0780E108-3766-4C18-BD4C-74096272D8E9}.Debug|Any CPU.ActiveCfg = Debug|Any CPU
		{0780E108-3766-4C18-BD4C-74096272D8E9}.Debug|Any CPU.Build.0 = Debug|Any CPU
		{0780E108-3766-4C18-BD4C-74096272D8E9}.Release|Any CPU.ActiveCfg = Release|Any CPU
		{0780E108-3766-4C18-BD4C-74096272D8E9}.Release|Any CPU.Build.0 = Release|Any CPU
		{CA8A0BC9-F416-4EF7-B172-47373E30407B}.Debug|Any CPU.ActiveCfg = Debug|Any CPU
		{CA8A0BC9-F416-4EF7-B172-47373E30407B}.Debug|Any CPU.Build.0 = Debug|Any CPU
		{CA8A0BC9-F416-4EF7-B172-47373E30407B}.Release|Any CPU.ActiveCfg = Release|Any CPU
		{CA8A0BC9-F416-4EF7-B172-47373E30407B}.Release|Any CPU.Build.0 = Release|Any CPU
		{76242CB5-CBF5-410D-A7A9-2F0C246C78C3}.Debug|Any CPU.ActiveCfg = Debug|Any CPU
		{76242CB5-CBF5-410D-A7A9-2F0C246C78C3}.Debug|Any CPU.Build.0 = Debug|Any CPU
		{76242CB5-CBF5-410D-A7A9-2F0C246C78C3}.Release|Any CPU.ActiveCfg = Release|Any CPU
		{76242CB5-CBF5-410D-A7A9-2F0C246C78C3}.Release|Any CPU.Build.0 = Release|Any CPU
	EndGlobalSection
	GlobalSection(SolutionProperties) = preSolution
		HideSolutionNode = FALSE
	EndGlobalSection
	GlobalSection(ExtensibilityGlobals) = postSolution
		SolutionGuid = {902BBD9F-1DBF-4082-BBFB-1EA89423319C}
	EndGlobalSection
EndGlobal
